{
  "name": "nodejs-test",
  "version": "1.0.0",
  "lockfileVersion": 1,
  "requires": true,
  "dependencies": {
    "after": {
      "version": "0.8.1",
      "resolved": "https://registry.npmjs.org/after/-/after-0.8.1.tgz",
      "integrity": "sha512-SuI3vWhCFeSmkmmJ3efyuOkrhGyp/AuHthh3F5DinGYh2kR9t/0xUlm3/Vn2qMScfgg+cKho5fW7TUEYUhYeiA=="
    },
    "arraybuffer.slice": {
      "version": "0.0.6",
      "resolved": "https://registry.npmjs.org/arraybuffer.slice/-/arraybuffer.slice-0.0.6.tgz",
      "integrity": "sha512-6ZjfQaBSy6CuIH0+B0NrxMfDE5VIOCP/5gOqSpEIsaAZx9/giszzrXg6PZ7G51U/n88UmlAgYLNQ9wAnII7PJA=="
    },
    "backo2": {
      "version": "1.0.2",
      "resolved": "https://registry.npmjs.org/backo2/-/backo2-1.0.2.tgz",
      "integrity": "sha512-zj6Z6M7Eq+PBZ7PQxl5NT665MvJdAkzp0f60nAJ+sLaSCBPMwVak5ZegFbgVCzFcCJTKFoMizvM5Ld7+JrRJHA=="
    },
    "base64-arraybuffer": {
      "version": "0.1.2",
      "resolved": "https://registry.npmjs.org/base64-arraybuffer/-/base64-arraybuffer-0.1.2.tgz",
      "integrity": "sha512-ewBKKVVPIl78B26mYQHYlaxR7NydMiD/GxwLNIwTAfLIE4xhN2Gxcy30//azq5UrejXjzGpWjcBu3NUJxzMMzg=="
    },
    "base64id": {
      "version": "0.1.0",
      "resolved": "https://registry.npmjs.org/base64id/-/base64id-0.1.0.tgz",
      "integrity": "sha512-DSjtfjhAsHl9J4OJj7e4+toV2zqxJrGwVd3CLlsCp8QmicvOn7irG0Mb8brOc/nur3SdO8lIbNlY1s1ZDJdUKQ=="
    },
    "batch": {
      "version": "0.5.0",
      "resolved": "https://registry.npmjs.org/batch/-/batch-0.5.0.tgz",
      "integrity": "sha512-avtDJBSxllB5QGphW1OXYF+ujhy/yIGgeFsvK6UiZLU86nWlqsNcZotUKd001wrl9MmZ9QIyVy8WFVEEpRIc5A=="
    },
    "benchmark": {
      "version": "1.0.0",
      "resolved": "https://registry.npmjs.org/benchmark/-/benchmark-1.0.0.tgz",
      "integrity": "sha512-qSlOi0If8sI+icu3l/W5rd4R0etJz9orLPWpDdt1lPgEFzEHYYnkfMuotj+Lx5SyMkmfawlPoW9RmoEm19ziHA=="
    },
    "better-assert": {
      "version": "1.0.2",
      "resolved": "https://registry.npmjs.org/better-assert/-/better-assert-1.0.2.tgz",
      "integrity": "sha512-bYeph2DFlpK1XmGs6fvlLRUN29QISM3GBuUwSFsMY2XRx4AvC0WNCS57j4c/xGrK2RS24C1w3YoBOsw9fT46tQ==",
      "requires": {
        "callsite": "1.0.0"
      }
    },
    "blob": {
      "version": "0.0.2",
      "resolved": "https://registry.npmjs.org/blob/-/blob-0.0.2.tgz",
      "integrity": "sha512-BoCcDt8zBGShn6DawAGQw37s9SSs+fEjiZWDzyB+841PbOogcR2X7LGlM4sR3Zsiq/zoyl8MFWDfN6oDSlveBQ=="
    },
    "buffer-crc32": {
      "version": "0.2.1",
      "resolved": "https://registry.npmjs.org/buffer-crc32/-/buffer-crc32-0.2.1.tgz",
      "integrity": "sha512-vMfBIRp/wjlpueSz7Sb0OmO7C5SH58SSmbsT8G4D48YfO/Zgbr29xNXMpZVSC14ujVJfrZZH1Bl+kXYRQPuvfQ=="
    },
    "bytes": {
      "version": "0.2.1",
      "resolved": "https://registry.npmjs.org/bytes/-/bytes-0.2.1.tgz",
      "integrity": "sha512-odbk8/wGazOuC1v8v4phoV285/yx8UN5kfQhhuxaVcceig4OUiCZQBtaEtmA1Q78QSTN9iXOQ7X2EViybrEvtQ=="
    },
    "callsite": {
      "version": "1.0.0",
      "resolved": "https://registry.npmjs.org/callsite/-/callsite-1.0.0.tgz",
      "integrity": "sha512-0vdNRFXn5q+dtOqjfFtmtlI9N2eVZ7LMyEV2iKC5mEEFvSg/69Ml6b/WU2qF8W1nLRa0wiSrDT3Y5jOHZCwKPQ=="
    },
    "commander": {
      "version": "1.3.2",
      "resolved": "https://registry.npmjs.org/commander/-/commander-1.3.2.tgz",
      "integrity": "sha512-uoVVA5dchmxZeTMv2Qsd0vhn/RebJYsWo4all1qtrUL3BBhQFn4AQDF4PL+ZvOeK7gczXKEZaSCyMDMwFBlpBg==",
      "requires": {
        "keypress": "0.1.x"
      }
    },
    "component-bind": {
      "version": "1.0.0",
      "resolved": "https://registry.npmjs.org/component-bind/-/component-bind-1.0.0.tgz",
      "integrity": "sha512-WZveuKPeKAG9qY+FkYDeADzdHyTYdIboXS59ixDeRJL5ZhxpqUnxSOwop4FQjMsiYm3/Or8cegVbpAHNA7pHxw=="
    },
    "component-emitter": {
      "version": "1.1.2",
      "resolved": "https://registry.npmjs.org/component-emitter/-/component-emitter-1.1.2.tgz",
      "integrity": "sha512-YhIbp3PJiznERfjlIkK0ue4obZxt2S60+0W8z24ZymOHT8sHloOqWOqZRU2eN5OlY8U08VFsP02letcu26FilA=="
    },
    "component-inherit": {
      "version": "0.0.3",
      "resolved": "https://registry.npmjs.org/component-inherit/-/component-inherit-0.0.3.tgz",
      "integrity": "sha512-w+LhYREhatpVqTESyGFg3NlP6Iu0kEKUHETY9GoZP/pQyW4mHFZuFWRUCIqVPZ36ueVLtoOEZaAqbCF2RDndaA=="
    },
    "connect": {
      "version": "2.12.0",
      "resolved": "https://registry.npmjs.org/connect/-/connect-2.12.0.tgz",
      "integrity": "sha512-i3poGdQamCEvDhvaFuG99KUDCU1Cvv7S2T6YfpY4X2+a0+uDrUcpRk08AQEge3NhtidVKfODQfpoMW4xlbQ0LQ==",
      "requires": {
        "batch": "0.5.0",
        "buffer-crc32": "0.2.1",
        "bytes": "0.2.1",
        "cookie": "0.1.0",
        "cookie-signature": "1.0.1",
        "debug": ">= 0.7.3 < 1",
        "fresh": "0.2.0",
        "methods": "0.1.0",
        "multiparty": "2.2.0",
        "negotiator": "0.3.0",
        "pause": "0.0.1",
        "qs": "0.6.6",
        "raw-body": "1.1.2",
        "send": "0.1.4",
        "uid2": "0.0.3"
      }
    },
    "cookie": {
      "version": "0.1.0",
      "resolved": "https://registry.npmjs.org/cookie/-/cookie-0.1.0.tgz",
      "integrity": "sha512-YSNOBX085/nzHvrTLEHYHoNdkvpLU1MPjU3r1IGawudZJjfuqnRNIFrcOJJ7bfwC+HWbHL1Y4yMkC0O+HWjV7w=="
    },
    "cookie-signature": {
      "version": "1.0.1",
      "resolved": "https://registry.npmjs.org/cookie-signature/-/cookie-signature-1.0.1.tgz",
      "integrity": "sha512-FMG5ziBzXZ5d4j5obbWOH1X7AtIpsU9ce9mQ+lHo/I1++kzz/isNarOj6T1lBPRspP3mZpuIutc7OVDVcaN1Kg=="
    },
    "core-util-is": {
      "version": "1.0.3",
      "resolved": "https://registry.npmjs.org/core-util-is/-/core-util-is-1.0.3.tgz",
      "integrity": "sha512-ZQBvi1DcpJ4GDqanjucZ2Hj3wEO5pZDS89BWbkcrvdxksJorwUDDZamX9ldFkp9aw2lmBDLgkObEA4DWNJ9FYQ=="
    },
    "debug": {
      "version": "0.8.1",
      "resolved": "https://registry.npmjs.org/debug/-/debug-0.8.1.tgz",
      "integrity": "sha512-HlXEJm99YsRjLJ8xmuz0Lq8YUwrv7hAJkTEr6/Em3sUlSUNl0UdFA+1SrY4fnykeq1FVkUEUtwRGHs9VvlYbGA=="
    },
    "engine.io": {
      "version": "1.5.1",
      "resolved": "https://registry.npmjs.org/engine.io/-/engine.io-1.5.1.tgz",
      "integrity": "sha512-cTXNS499rzTTzhKTHBQiKYhAvIgnHSzAKgTt3x3qpfXD4K5AsFHh4gLYYuv2AyAcDiOCOHe/3EAifQcn57CcPw==",
      "requires": {
        "base64id": "0.1.0",
        "debug": "1.0.3",
        "engine.io-parser": "1.2.1",
        "ws": "0.5.0"
      },
      "dependencies": {
        "debug": {
          "version": "1.0.3",
          "resolved": "https://registry.npmjs.org/debug/-/debug-1.0.3.tgz",
          "integrity": "sha512-MltK7Ykj/udtD728gD/RrONStwVnDpBNIP1h+CBcnwnJdHqHxfWHI1E8XLootUl7NOPAYTCCXlb8/Qmy7WyB1w==",
          "requires": {
            "ms": "0.6.2"
          }
        }
      }
    },
    "engine.io-client": {
      "version": "1.5.1",
      "resolved": "https://registry.npmjs.org/engine.io-client/-/engine.io-client-1.5.1.tgz",
      "integrity": "sha512-MON1sTjXOXjT0ymG6zuVUwuCAWrTf2GxHa3rFavZF/uPir4ZJat+eNpkbUbHS+ZBZmLGcWPmWaAZMJRatIX8OQ==",
      "requires": {
        "component-emitter": "1.1.2",
        "component-inherit": "0.0.3",
        "debug": "1.0.4",
        "engine.io-parser": "1.2.1",
        "has-cors": "1.0.3",
        "indexof": "0.0.1",
        "parsejson": "0.0.1",
        "parseqs": "0.0.2",
        "parseuri": "0.0.4",
        "ws": "0.4.31",
        "xmlhttprequest": "https://github.com/rase-/node-XMLHttpRequest/archive/a6b6f2.tar.gz"
      },
      "dependencies": {
        "commander": {
          "version": "0.6.1",
          "resolved": "https://registry.npmjs.org/commander/-/commander-0.6.1.tgz",
          "integrity": "sha512-0fLycpl1UMTGX257hRsu/arL/cUbcvQM4zMKwvLvzXtfdezIV4yotPS2dYtknF+NmEfWSoCEF6+hj9XLm/6hEw=="
        },
        "debug": {
          "version": "1.0.4",
          "resolved": "https://registry.npmjs.org/debug/-/debug-1.0.4.tgz",
          "integrity": "sha512-plA8d2GHafT7kXzMDs5r7NSfYP7IKHdO8rZPVAqI33Eum7Vq/Ef/ETXm6NncF/RMif4fzI0RetSArZ6PMIxP0g==",
          "requires": {
            "ms": "0.6.2"
          }
        },
        "nan": {
          "version": "0.3.2",
          "resolved": "https://registry.npmjs.org/nan/-/nan-0.3.2.tgz",
          "integrity": "sha512-V9/Pyy5Oelv6vVJP9X+dAzU3IO19j6YXrJnODHxP2h54hTvfFQGahdsQV6Ule/UukiEJk1SkQ/aUyWUm61RBQw=="
        },
        "parseuri": {
          "version": "0.0.4",
          "resolved": "https://registry.npmjs.org/parseuri/-/parseuri-0.0.4.tgz",
          "integrity": "sha512-9pW0ZCCDtEIzW7beHfLg2N13pgctOVRq1Z+1PKdpsF4wD9GhYUMAAxBhmPRPVVy1fg2z+eH/8uw8dgA0j9DNzw==",
          "requires": {
            "better-assert": "~1.0.0"
          }
        },
        "ws": {
          "version": "0.4.31",
          "resolved": "https://registry.npmjs.org/ws/-/ws-0.4.31.tgz",
          "integrity": "sha512-mWiVQ9qZGPXvLxQ4xGy58Ix5Bw0L99SB+hDT8L59bty4fbnQczaGl4YEWR7AzLQGbvPn/30r9/o41dPiSuUmYw==",
          "requires": {
            "commander": "~0.6.1",
            "nan": "~0.3.0",
            "options": ">=0.0.5",
            "tinycolor": "0.x"
          }
        }
      }
    },
    "engine.io-parser": {
      "version": "1.2.1",
      "resolved": "https://registry.npmjs.org/engine.io-parser/-/engine.io-parser-1.2.1.tgz",
      "integrity": "sha512-ldJAN2oTBdCit4rtCgBPehcaXwsysoszbkjBpuIAUDBJVsu+DZbr59AvUJlUwzFsjw+4+67hVb64dgvjSSlu0w==",
      "requires": {
        "after": "0.8.1",
        "arraybuffer.slice": "0.0.6",
        "base64-arraybuffer": "0.1.2",
        "blob": "0.0.2",
        "has-binary": "0.1.5",
        "utf8": "2.0.0"
      }
    },
    "express": {
      "version": "3.4.8",
      "resolved": "https://registry.npmjs.org/express/-/express-3.4.8.tgz",
      "integrity": "sha512-NC6Ff/tlg4JNjGTrw0is0aOe9k7iAnb3Ra6mF3Be15UscxZKpbP7XCMmXx9EiNpHe9IClbHo6EDslH9eJNo1HQ==",
      "requires": {
        "buffer-crc32": "0.2.1",
        "commander": "1.3.2",
        "connect": "2.12.0",
        "cookie": "0.1.0",
        "cookie-signature": "1.0.1",
        "debug": ">= 0.7.3 < 1",
        "fresh": "0.2.0",
        "merge-descriptors": "0.0.1",
        "methods": "0.1.0",
        "mkdirp": "0.3.5",
        "range-parser": "0.0.4",
        "send": "0.1.4"
      }
    },
    "fresh": {
      "version": "0.2.0",
      "resolved": "https://registry.npmjs.org/fresh/-/fresh-0.2.0.tgz",
      "integrity": "sha512-ckGdAuSRr1wBmnq7CsW7eU37DBwQxHx3vW8foJUIrF56rkOy8Osm6Fe8KSwemwyKejivKki7jVBgpBpBJexmrw=="
    },
    "global": {
      "version": "https://github.com/component/global/archive/v2.0.1.tar.gz",
      "integrity": "sha512-O91OcV/NbdmQJPHaRu2ekSP7bqFRLWgqSwaJvqHPZHUwmHBagQYTOra29+LnzzG3lZkXH1ANzHzfCxtAPM9HMA=="
    },
    "has-binary": {
      "version": "0.1.5",
      "resolved": "https://registry.npmjs.org/has-binary/-/has-binary-0.1.5.tgz",
      "integrity": "sha512-dXbaZ+8xxT65ntQW/GoabKnknw2g4YEu6jaFEK3yGZud0fBm8lz9XJOilkiPT7ky37l5NQ9vI6sFEyDX+cYBQw==",
      "requires": {
        "isarray": "0.0.1"
      }
    },
    "has-binary-data": {
      "version": "0.1.3",
      "resolved": "https://registry.npmjs.org/has-binary-data/-/has-binary-data-0.1.3.tgz",
      "integrity": "sha512-v9nautvyKZBpnUCALBHSXocsGwIErU+CipSKAAuibJbNl2jueR/qqtERnUGaKesG/ba0H47dqYKyRyGddKeBIg==",
      "requires": {
        "isarray": "0.0.1"
      }
    },
    "has-cors": {
      "version": "1.0.3",
      "resolved": "https://registry.npmjs.org/has-cors/-/has-cors-1.0.3.tgz",
      "integrity": "sha512-Mxk1ba23PNtB3zPigreijApS3uuH9bhgZkqQtLQj7ydWHsGeb9uOtk4gsK6mZj4rYG6VNS/CT9G1XkYfgItpKg==",
      "requires": {
        "global": "https://github.com/component/global/archive/v2.0.1.tar.gz"
      }
    },
    "indexof": {
      "version": "0.0.1",
      "resolved": "https://registry.npmjs.org/indexof/-/indexof-0.0.1.tgz",
      "integrity": "sha512-i0G7hLJ1z0DE8dsqJa2rycj9dBmNKgXBvotXtZYXakU9oivfB9Uj2ZBC27qqef2U58/ZLwalxa1X/RDCdkHtVg=="
    },
    "inherits": {
      "version": "2.0.4",
      "resolved": "https://registry.npmjs.org/inherits/-/inherits-2.0.4.tgz",
      "integrity": "sha512-k/vGaX4/Yla3WzyMCvTQOXYeIHvqOKtnqBduzTHpzpQZzAskKMhZ2K+EnBiSM9zGSoIFeMpXKxa4dYeZIQqewQ=="
    },
    "isarray": {
      "version": "0.0.1",
      "resolved": "https://registry.npmjs.org/isarray/-/isarray-0.0.1.tgz",
      "integrity": "sha512-D2S+3GLxWH+uhrNEcoh/fnmYeP8E8/zHl644d/jdA0g2uyXvy3sb0qxotE+ne0LtccHknQzWwZEzhak7oJ0COQ=="
    },
    "json3": {
      "version": "3.2.6",
      "resolved": "https://registry.npmjs.org/json3/-/json3-3.2.6.tgz",
      "integrity": "sha512-KA+GHhYTLTo7Ri4DyjwUgW8kn98AYtVZtBC94qL5yD0ZSYct8/eF8qBmTNyk+gPE578bKeIL4WBq+MUyd1I26g=="
    },
    "keypress": {
      "version": "0.1.0",
      "resolved": "https://registry.npmjs.org/keypress/-/keypress-0.1.0.tgz",
      "integrity": "sha512-x0yf9PL/nx9Nw9oLL8ZVErFAk85/lslwEP7Vz7s5SI1ODXZIgit3C5qyWjw4DxOuO/3Hb4866SQh28a1V1d+WA=="
    },
    "merge-descriptors": {
      "version": "0.0.1",
      "resolved": "https://registry.npmjs.org/merge-descriptors/-/merge-descriptors-0.0.1.tgz",
      "integrity": "sha512-1VjrOxz6kouIMS/jZ+oQTAUsXufrF8hVzkfzSxqBh0Wy/KzEqZSvy3OZe/Ntrd5QeHtNCUF1bE0bIRLslzHCcw=="
    },
    "methods": {
      "version": "0.1.0",
      "resolved": "https://registry.npmjs.org/methods/-/methods-0.1.0.tgz",
      "integrity": "sha512-N4cn4CbDqu7Fp3AT4z3AsO19calgczhsmCGzXLCiUOrWg9sjb1B+yKFKOrnnPGKKvjyJBmw+k6b3adFN2LbuBw=="
    },
    "mime": {
      "version": "1.2.11",
      "resolved": "https://registry.npmjs.org/mime/-/mime-1.2.11.tgz",
      "integrity": "sha512-Ysa2F/nqTNGHhhm9MV8ure4+Hc+Y8AWiqUdHxsO7xu8zc92ND9f3kpALHjaP026Ft17UfxrMt95c50PLUeynBw=="
    },
    "mkdirp": {
      "version": "0.3.5",
      "resolved": "https://registry.npmjs.org/mkdirp/-/mkdirp-0.3.5.tgz",
      "integrity": "sha512-8OCq0De/h9ZxseqzCH8Kw/Filf5pF/vMI6+BH7Lu0jXz2pqYCjTAQRolSxRIi+Ax+oCCjlxoJMP0YQ4XlrQNHg=="
    },
    "ms": {
      "version": "0.6.2",
      "resolved": "https://registry.npmjs.org/ms/-/ms-0.6.2.tgz",
      "integrity": "sha512-/pc3eh7TWorTtbvXg8je4GvrvEqCfH7PA3P7iW01yL2E53FKixzgMBaQi0NOPbMJqY34cBSvR0tZtmlTkdUG4A=="
    },
    "multiparty": {
      "version": "2.2.0",
      "resolved": "https://registry.npmjs.org/multiparty/-/multiparty-2.2.0.tgz",
      "integrity": "sha512-fiFMI4tSze1TsrWFZNABRwy7kF/VycEWz4t0UFESOoP5IdJh29AUFmbirWXv/Ih/rNw62OO2YaQpQEiw1BFQpQ==",
      "requires": {
        "readable-stream": "~1.1.9",
        "stream-counter": "~0.2.0"
      }
    },
    "nan": {
      "version": "1.4.3",
      "resolved": "https://registry.npmjs.org/nan/-/nan-1.4.3.tgz",
      "integrity": "sha512-sZJUTDM4+nDMorRUb2WS0nv5ihun+xqlHhKgKCKi0s4nI/tj5NVHlEm13hEySdZ15iAORPaJ50Gv6yi93bPPIw=="
    },
    "negotiator": {
      "version": "0.3.0",
      "resolved": "https://registry.npmjs.org/negotiator/-/negotiator-0.3.0.tgz",
      "integrity": "sha512-q9wF64uB31BDZQ44DWf+8gE7y8xSpBdREAsJfnBO2WX9ecsutfUO6S9uWEdixlDLOlWaqnlnFXXwZxUUmyLfgg=="
    },
    "object-component": {
      "version": "0.0.3",
      "resolved": "https://registry.npmjs.org/object-component/-/object-component-0.0.3.tgz",
      "integrity": "sha512-S0sN3agnVh2SZNEIGc0N1X4Z5K0JeFbGBrnuZpsxuUh5XLF0BnvWkMjRXo/zGKLd/eghvNIKcx1pQkmUjXIyrA=="
    },
    "object-keys": {
      "version": "1.0.1",
      "resolved": "https://registry.npmjs.org/object-keys/-/object-keys-1.0.1.tgz",
      "integrity": "sha512-DsJ69TA3wPICBmxYj6rij6uGKvKb9s2mtebzhuN/eI1GabJ3xC7fZ7PWjW0GS06hSclD0GxKGGAHQo5P7R2ZTg=="
    },
    "options": {
      "version": "0.0.6",
      "resolved": "https://registry.npmjs.org/options/-/options-0.0.6.tgz",
      "integrity": "sha512-bOj3L1ypm++N+n7CEbbe473A414AB7z+amKYshRb//iuL3MpdDCLhPnw6aVTdKB9g5ZRVHIEp8eUln6L2NUStg=="
    },
    "parsejson": {
      "version": "0.0.1",
      "resolved": "https://registry.npmjs.org/parsejson/-/parsejson-0.0.1.tgz",
      "integrity": "sha512-W9CRvTfYQY/kbRc5Q6YTWarb/QDxdEGbd6RCP8CLUQDJV89RVHoS2A0dZYNtAcq31fulGNN4ZhAhiQQazwlKJg==",
      "requires": {
        "better-assert": "~1.0.0"
      }
    },
    "parseqs": {
      "version": "0.0.2",
      "resolved": "https://registry.npmjs.org/parseqs/-/parseqs-0.0.2.tgz",
      "integrity": "sha512-vyyyfQGUFZnDhgrrdn+hh1JuOfvbXU5oRr6dijfkSIbaFuxGgTSCA/RNVcsADmo0k2NX6wERVTMKkXokjuObJA==",
      "requires": {
        "better-assert": "~1.0.0"
      }
    },
    "parseuri": {
      "version": "0.0.2",
      "resolved": "https://registry.npmjs.org/parseuri/-/parseuri-0.0.2.tgz",
      "integrity": "sha512-m0H+R0u5LXOx8sbxufnvgKrRLpkVpvtMf0AyWXYSqLwo2MWrVEgCIbgpaSVa398xl6wTLe0A7CGhiC4hBdEzHQ==",
      "requires": {
        "better-assert": "~1.0.0"
      }
    },
    "pause": {
      "version": "0.0.1",
      "resolved": "https://registry.npmjs.org/pause/-/pause-0.0.1.tgz",
      "integrity": "sha512-KG8UEiEVkR3wGEb4m5yZkVCzigAD+cVEJck2CzYZO37ZGJfctvVptVO192MwrtPhzONn6go8ylnOdMhKqi4nfg=="
    },
    "qs": {
      "version": "0.6.6",
      "resolved": "https://registry.npmjs.org/qs/-/qs-0.6.6.tgz",
      "integrity": "sha512-kN+yNdAf29Jgp+AYHUmC7X4QdJPR8czuMWLNLc0aRxkQ7tB3vJQEONKKT9ou/rW7EbqVec11srC9q9BiVbcnHA=="
    },
    "range-parser": {
      "version": "0.0.4",
      "resolved": "https://registry.npmjs.org/range-parser/-/range-parser-0.0.4.tgz",
      "integrity": "sha512-okJVEq9DbZyg+5lD8pr6ooQmeA0uu8DYIyAU7VK1WUUK7hctI1yw2ZHhKiKjB6RXaDrYRmTR4SsIHkyiQpaLMA=="
    },
    "raw-body": {
      "version": "1.1.2",
      "resolved": "https://registry.npmjs.org/raw-body/-/raw-body-1.1.2.tgz",
      "integrity": "sha512-9Vyxam2+QrtmNIc3mFrwazAXOeQdxgFvS3vvkvH02R5YbdsaSqL4N9M93s0znkh0q4cGBk8CbrqOSGkz3BUeDg==",
      "requires": {
        "bytes": "~0.2.1"
      }
    },
    "readable-stream": {
      "version": "1.1.14",
      "resolved": "https://registry.npmjs.org/readable-stream/-/readable-stream-1.1.14.tgz",
      "integrity": "sha512-+MeVjFf4L44XUkhM1eYbD8fyEsxcV81pqMSR5gblfcLCHfZvbrqy4/qYHE+/R5HoBUT11WV5O08Cr1n3YXkWVQ==",
      "requires": {
        "core-util-is": "~1.0.0",
        "inherits": "~2.0.1",
        "isarray": "0.0.1",
        "string_decoder": "~0.10.x"
      }
    },
    "send": {
      "version": "0.1.4",
      "resolved": "https://registry.npmjs.org/send/-/send-0.1.4.tgz",
      "integrity": "sha512-NJnIaB29/EcNqkNneUAm16oEVnzM2LeNBc/hmgKuExv2k9pCZQEw8SHJeCdjqesHJTyWAr7x5HjeOmRFS4BoFw==",
      "requires": {
        "debug": "*",
        "fresh": "0.2.0",
        "mime": "~1.2.9",
        "range-parser": "0.0.4"
      }
    },
    "socket.io": {
      "version": "1.3.5",
      "resolved": "https://registry.npmjs.org/socket.io/-/socket.io-1.3.5.tgz",
      "integrity": "sha512-DdzI9xMdyK9n+Rec0FlHPBBwpBLgNyvRa3iYECvpJgJ6ejqdaDmzZ52XDbCQDL2QIRhJ7sWXo0NfOsm7go5Wtw==",
      "requires": {
        "debug": "2.1.0",
        "engine.io": "1.5.1",
        "has-binary-data": "0.1.3",
        "socket.io-adapter": "0.3.1",
        "socket.io-client": "1.3.5",
        "socket.io-parser": "2.2.4"
      },
      "dependencies": {
        "debug": {
          "version": "2.1.0",
          "resolved": "https://registry.npmjs.org/debug/-/debug-2.1.0.tgz",
          "integrity": "sha512-mXKNuRulIxh5zRPbJ0znN6gOJljoA1I/pQaZS9QYCwM4LdeInk5sEioHFeLayLJg8YL+FNrwPZbbltDR/HIdGA==",
          "requires": {
            "ms": "0.6.2"
          }
        }
      }
    },
    "socket.io-adapter": {
      "version": "0.3.1",
      "resolved": "https://registry.npmjs.org/socket.io-adapter/-/socket.io-adapter-0.3.1.tgz",
      "integrity": "sha512-DmOAXQyYdztliqS38RnnvG/YPHnPhGRg1C8/IT+Fkrg5JaC7Xtox+ItIbJ12B/5vmBJvaQFF1Px9U0ePjn+R3g==",
      "requires": {
        "debug": "1.0.2",
        "object-keys": "1.0.1",
        "socket.io-parser": "2.2.2"
      },
      "dependencies": {
        "debug": {
          "version": "1.0.2",
          "resolved": "https://registry.npmjs.org/debug/-/debug-1.0.2.tgz",
          "integrity": "sha512-T9bufXIzQvCa4VrTIpLvvwdLhH+wuBtvIJJA3xgzVcaVETGmTIWMfEXQEd1K4p8BaRmQJPn6MPut38H7YQ+iIA==",
          "requires": {
            "ms": "0.6.2"
          }
        },
        "socket.io-parser": {
          "version": "2.2.2",
          "resolved": "https://registry.npmjs.org/socket.io-parser/-/socket.io-parser-2.2.2.tgz",
          "integrity": "sha512-fM+hIkoQPh0oNLoL7yx39fvtqMncRTBekjENFPT8dEYHXqvRYC8yWwT+m9PW8wmYieUcqzw7yJnHNXzPAC9i9w==",
          "requires": {
            "benchmark": "1.0.0",
            "component-emitter": "1.1.2",
            "debug": "0.7.4",
            "isarray": "0.0.1",
            "json3": "3.2.6"
          },
          "dependencies": {
            "debug": {
              "version": "0.7.4",
              "resolved": "https://registry.npmjs.org/debug/-/debug-0.7.4.tgz",
              "integrity": "sha512-EohAb3+DSHSGx8carOSKJe8G0ayV5/i609OD0J2orCkuyae7SyZSz2aoLmQF2s0Pj5gITDebwPH7GFBlqOUQ1Q=="
            }
          }
        }
      }
    },
    "socket.io-client": {
      "version": "1.3.5",
      "resolved": "https://registry.npmjs.org/socket.io-client/-/socket.io-client-1.3.5.tgz",
      "integrity": "sha512-4l065ojJZ6S8UgU/kEvibpMUXptptiiXFtNBW/mHBugPh7DED6TXQslmF/GWFqZWass7UqIa0LCneqFhSRnqRA==",
      "requires": {
        "backo2": "1.0.2",
        "component-bind": "1.0.0",
        "component-emitter": "1.1.2",
        "debug": "0.7.4",
        "engine.io-client": "1.5.1",
        "has-binary": "0.1.6",
        "indexof": "0.0.1",
        "object-component": "0.0.3",
        "parseuri": "0.0.2",
        "socket.io-parser": "2.2.4",
        "to-array": "0.1.3"
      },
      "dependencies": {
        "debug": {
          "version": "0.7.4",
          "resolved": "https://registry.npmjs.org/debug/-/debug-0.7.4.tgz",
          "integrity": "sha512-EohAb3+DSHSGx8carOSKJe8G0ayV5/i609OD0J2orCkuyae7SyZSz2aoLmQF2s0Pj5gITDebwPH7GFBlqOUQ1Q=="
        },
        "has-binary": {
          "version": "0.1.6",
          "resolved": "https://registry.npmjs.org/has-binary/-/has-binary-0.1.6.tgz",
          "integrity": "sha512-aBByfHrIiIt6PQ+jFXsLIFVNpHVyXDcCZ77VZ4kvxv6TvTwipSTDNvKnPN5xOi/cQTcxhLa4lBV2b49pZGQgXw==",
          "requires": {
            "isarray": "0.0.1"
          }
        }
      }
    },
    "socket.io-parser": {
      "version": "2.2.4",
      "resolved": "https://registry.npmjs.org/socket.io-parser/-/socket.io-parser-2.2.4.tgz",
      "integrity": "sha512-j0TD2g5DtrmQwcBy+C0RejylNk43rdeCBRRm8EBExrE/f5RlztV+d0k4PRR/tXrcaLcgZeXRpsZvcPVKHarj8g==",
      "requires": {
        "benchmark": "1.0.0",
        "component-emitter": "1.1.2",
        "debug": "0.7.4",
        "isarray": "0.0.1",
        "json3": "3.2.6"
      },
      "dependencies": {
        "debug": {
          "version": "0.7.4",
          "resolved": "https://registry.npmjs.org/debug/-/debug-0.7.4.tgz",
          "integrity": "sha512-EohAb3+DSHSGx8carOSKJe8G0ayV5/i609OD0J2orCkuyae7SyZSz2aoLmQF2s0Pj5gITDebwPH7GFBlqOUQ1Q=="
        }
      }
    },
    "stream-counter": {
      "version": "0.2.0",
      "resolved": "https://registry.npmjs.org/stream-counter/-/stream-counter-0.2.0.tgz",
      "integrity": "sha512-GjA2zKc2iXUUKRcOxXQmhEx0Ev3XHJ6c8yWGqhQjWwhGrqNwSsvq9YlRLgoGtZ5Kx2Ln94IedaqJ5GUG6aBbxA==",
      "requires": {
        "readable-stream": "~1.1.8"
      }
    },
    "string_decoder": {
      "version": "0.10.31",
      "resolved": "https://registry.npmjs.org/string_decoder/-/string_decoder-0.10.31.tgz",
      "integrity": "sha512-ev2QzSzWPYmy9GuqfIVildA4OdcGLeFZQrq5ys6RtiuF+RQQiZWr8TZNyAcuVXyQRYfEO+MsoB/1BuQVhOJuoQ=="
    },
    "tinycolor": {
      "version": "0.0.1",
      "resolved": "https://registry.npmjs.org/tinycolor/-/tinycolor-0.0.1.tgz",
      "integrity": "sha512-+CorETse1kl98xg0WAzii8DTT4ABF4R3nquhrkIbVGcw1T8JYs5Gfx9xEfGINPUZGDj9C4BmOtuKeaTtuuRolg=="
    },
    "to-array": {
      "version": "0.1.3",
      "resolved": "https://registry.npmjs.org/to-array/-/to-array-0.1.3.tgz",
      "integrity": "sha512-JQk/QMS4oHyU2VufVeyjN25dcnZnr1PV1pa1oKSj7l5tVO9WrU62og3fYzB3mrgJZZgBxdrrA/v6iZzMDuyFYw=="
    },
    "uid2": {
      "version": "0.0.3",
      "resolved": "https://registry.npmjs.org/uid2/-/uid2-0.0.3.tgz",
      "integrity": "sha512-5gSP1liv10Gjp8cMEnFd6shzkL/D6W1uhXSFNCxDC+YI8+L8wkCYCbJ7n77Ezb4wE/xzMogecE+DtamEe9PZjg=="
    },
    "ultron": {
      "version": "1.0.2",
      "resolved": "https://registry.npmjs.org/ultron/-/ultron-1.0.2.tgz",
      "integrity": "sha512-QMpnpVtYaWEeY+MwKDN/UdKlE/LsFZXM5lO1u7GaZzNgmIbGixHEmVMIKT+vqYOALu3m5GYQy9kz4Xu4IVn7Ow=="
    },
    "utf8": {
      "version": "2.0.0",
      "resolved": "https://registry.npmjs.org/utf8/-/utf8-2.0.0.tgz",
      "integrity": "sha512-jWXHr+bQ8RsWazLzVY3V7XACPTbBHYSg/VoDVok+DBQk5ULm0AuBCNb9tGmjq2H+znnkBFwjhzzCbn9G3xlYcA=="
    },
    "ws": {
      "version": "0.5.0",
      "resolved": "https://registry.npmjs.org/ws/-/ws-0.5.0.tgz",
      "integrity": "sha512-ewMTtzuS3WRFwMw6k+yvOHzl3JRjN5yZzwAkq3TYOViPYMrVjHzmyj6ni+ihNcgoFhxI2f33RvshqqOU3qdxgw==",
      "requires": {
        "nan": "1.4.x",
        "options": ">=0.0.5",
        "ultron": "1.0.x"
      }
    },
    "xmlhttprequest": {
      "version": "https://github.com/rase-/node-XMLHttpRequest/archive/a6b6f2.tar.gz",
      "integrity": "sha512-GO6pmHif8rvZ9YddEoem4hQo0OvcTZJnPGyKxBNsFwgEwNYxbpfewye2ulTDAanWXTcfl2+XKE6/DK7SAoKqMw=="
    }
  }
}
